// !$*UTF8*$!
{
	archiveVersion = 1;
	classes = {
	};
	objectVersion = 50;
	objects = {

/* Begin PBXBuildFile section */
		BA4DAD0C23D088290081EACC /* Menu.swift in Sources */ = {isa = PBXBuildFile; fileRef = BA4DAD0B23D088290081EACC /* Menu.swift */; };
		BA4DAD0E23D15F3C0081EACC /* ViewsController.swift in Sources */ = {isa = PBXBuildFile; fileRef = BA4DAD0D23D15F3C0081EACC /* ViewsController.swift */; };
		BA4DAD1023D160730081EACC /* LayoutController.swift in Sources */ = {isa = PBXBuildFile; fileRef = BA4DAD0F23D160730081EACC /* LayoutController.swift */; };
		BA4DAD1223D1843B0081EACC /* MainController.swift in Sources */ = {isa = PBXBuildFile; fileRef = BA4DAD1123D1843B0081EACC /* MainController.swift */; };
		BA75E3C923ACCF6A00713177 /* AppDelegate.swift in Sources */ = {isa = PBXBuildFile; fileRef = BA75E3C823ACCF6A00713177 /* AppDelegate.swift */; };
		BA75E3CB23ACCF6A00713177 /* SceneDelegate.swift in Sources */ = {isa = PBXBuildFile; fileRef = BA75E3CA23ACCF6A00713177 /* SceneDelegate.swift */; };
		BA75E3D023ACCF6A00713177 /* Main.storyboard in Resources */ = {isa = PBXBuildFile; fileRef = BA75E3CE23ACCF6A00713177 /* Main.storyboard */; };
		BA75E3D223ACCF6B00713177 /* Assets.xcassets in Resources */ = {isa = PBXBuildFile; fileRef = BA75E3D123ACCF6B00713177 /* Assets.xcassets */; };
		BA75E3D523ACCF6B00713177 /* LaunchScreen.storyboard in Resources */ = {isa = PBXBuildFile; fileRef = BA75E3D323ACCF6B00713177 /* LaunchScreen.storyboard */; };
		BA75E3E023ACCF6C00713177 /* UIKitDemo_SwiftTests.swift in Sources */ = {isa = PBXBuildFile; fileRef = BA75E3DF23ACCF6C00713177 /* UIKitDemo_SwiftTests.swift */; };
		BA75E3EB23ACCF6C00713177 /* UIKitDemo_SwiftUITests.swift in Sources */ = {isa = PBXBuildFile; fileRef = BA75E3EA23ACCF6C00713177 /* UIKitDemo_SwiftUITests.swift */; };
		BA75E3FA23ACD60000713177 /* CompCell.swift in Sources */ = {isa = PBXBuildFile; fileRef = BA75E3F923ACD60000713177 /* CompCell.swift */; };
		EA37545C23DFEAC70036F2BD /* CustomImageView.swift in Sources */ = {isa = PBXBuildFile; fileRef = EA37545B23DFEAC70036F2BD /* CustomImageView.swift */; };
/* End PBXBuildFile section */

/* Begin PBXContainerItemProxy section */
		BA75E3DC23ACCF6C00713177 /* PBXContainerItemProxy */ = {
			isa = PBXContainerItemProxy;
			containerPortal = BA75E3BD23ACCF6A00713177 /* Project object */;
			proxyType = 1;
			remoteGlobalIDString = BA75E3C423ACCF6A00713177;
			remoteInfo = "UIKitDemo-Swift";
		};
		BA75E3E723ACCF6C00713177 /* PBXContainerItemProxy */ = {
			isa = PBXContainerItemProxy;
			containerPortal = BA75E3BD23ACCF6A00713177 /* Project object */;
			proxyType = 1;
			remoteGlobalIDString = BA75E3C423ACCF6A00713177;
			remoteInfo = "UIKitDemo-Swift";
		};
/* End PBXContainerItemProxy section */

/* Begin PBXFileReference section */
		BA4DAD0B23D088290081EACC /* Menu.swift */ = {isa = PBXFileReference; lastKnownFileType = sourcecode.swift; path = Menu.swift; sourceTree = "<group>"; };
		BA4DAD0D23D15F3C0081EACC /* ViewsController.swift */ = {isa = PBXFileReference; lastKnownFileType = sourcecode.swift; path = ViewsController.swift; sourceTree = "<group>"; };
		BA4DAD0F23D160730081EACC /* LayoutController.swift */ = {isa = PBXFileReference; lastKnownFileType = sourcecode.swift; path = LayoutController.swift; sourceTree = "<group>"; };
		BA4DAD1123D1843B0081EACC /* MainController.swift */ = {isa = PBXFileReference; lastKnownFileType = sourcecode.swift; path = MainController.swift; sourceTree = "<group>"; };
		BA75E3C523ACCF6A00713177 /* UIKitDemo-Swift.app */ = {isa = PBXFileReference; explicitFileType = wrapper.application; includeInIndex = 0; path = "UIKitDemo-Swift.app"; sourceTree = BUILT_PRODUCTS_DIR; };
		BA75E3C823ACCF6A00713177 /* AppDelegate.swift */ = {isa = PBXFileReference; lastKnownFileType = sourcecode.swift; path = AppDelegate.swift; sourceTree = "<group>"; };
		BA75E3CA23ACCF6A00713177 /* SceneDelegate.swift */ = {isa = PBXFileReference; lastKnownFileType = sourcecode.swift; path = SceneDelegate.swift; sourceTree = "<group>"; };
		BA75E3CF23ACCF6A00713177 /* Base */ = {isa = PBXFileReference; lastKnownFileType = file.storyboard; name = Base; path = Base.lproj/Main.storyboard; sourceTree = "<group>"; };
		BA75E3D123ACCF6B00713177 /* Assets.xcassets */ = {isa = PBXFileReference; lastKnownFileType = folder.assetcatalog; path = Assets.xcassets; sourceTree = "<group>"; };
		BA75E3D423ACCF6B00713177 /* Base */ = {isa = PBXFileReference; lastKnownFileType = file.storyboard; name = Base; path = Base.lproj/LaunchScreen.storyboard; sourceTree = "<group>"; };
		BA75E3D623ACCF6B00713177 /* Info.plist */ = {isa = PBXFileReference; lastKnownFileType = text.plist.xml; path = Info.plist; sourceTree = "<group>"; };
		BA75E3DB23ACCF6C00713177 /* UIKitDemo-SwiftTests.xctest */ = {isa = PBXFileReference; explicitFileType = wrapper.cfbundle; includeInIndex = 0; path = "UIKitDemo-SwiftTests.xctest"; sourceTree = BUILT_PRODUCTS_DIR; };
		BA75E3DF23ACCF6C00713177 /* UIKitDemo_SwiftTests.swift */ = {isa = PBXFileReference; lastKnownFileType = sourcecode.swift; path = UIKitDemo_SwiftTests.swift; sourceTree = "<group>"; };
		BA75E3E123ACCF6C00713177 /* Info.plist */ = {isa = PBXFileReference; lastKnownFileType = text.plist.xml; path = Info.plist; sourceTree = "<group>"; };
		BA75E3E623ACCF6C00713177 /* UIKitDemo-SwiftUITests.xctest */ = {isa = PBXFileReference; explicitFileType = wrapper.cfbundle; includeInIndex = 0; path = "UIKitDemo-SwiftUITests.xctest"; sourceTree = BUILT_PRODUCTS_DIR; };
		BA75E3EA23ACCF6C00713177 /* UIKitDemo_SwiftUITests.swift */ = {isa = PBXFileReference; lastKnownFileType = sourcecode.swift; path = UIKitDemo_SwiftUITests.swift; sourceTree = "<group>"; };
		BA75E3EC23ACCF6C00713177 /* Info.plist */ = {isa = PBXFileReference; lastKnownFileType = text.plist.xml; path = Info.plist; sourceTree = "<group>"; };
		BA75E3F923ACD60000713177 /* CompCell.swift */ = {isa = PBXFileReference; lastKnownFileType = sourcecode.swift; path = CompCell.swift; sourceTree = "<group>"; };
		EA37545B23DFEAC70036F2BD /* CustomImageView.swift */ = {isa = PBXFileReference; lastKnownFileType = sourcecode.swift; path = CustomImageView.swift; sourceTree = "<group>"; };
/* End PBXFileReference section */

/* Begin PBXFrameworksBuildPhase section */
		BA75E3C223ACCF6A00713177 /* Frameworks */ = {
			isa = PBXFrameworksBuildPhase;
			buildActionMask = 2147483647;
			files = (
			);
			runOnlyForDeploymentPostprocessing = 0;
		};
		BA75E3D823ACCF6C00713177 /* Frameworks */ = {
			isa = PBXFrameworksBuildPhase;
			buildActionMask = 2147483647;
			files = (
			);
			runOnlyForDeploymentPostprocessing = 0;
		};
		BA75E3E323ACCF6C00713177 /* Frameworks */ = {
			isa = PBXFrameworksBuildPhase;
			buildActionMask = 2147483647;
			files = (
			);
			runOnlyForDeploymentPostprocessing = 0;
		};
/* End PBXFrameworksBuildPhase section */

/* Begin PBXGroup section */
		BA4DAD0923D081EB0081EACC /* Modes */ = {
			isa = PBXGroup;
			children = (
				BA4DAD0B23D088290081EACC /* Menu.swift */,
			);
			path = Modes;
			sourceTree = "<group>";
		};
		BA4DAD0A23D082D10081EACC /* Controllers */ = {
			isa = PBXGroup;
			children = (
				BA4DAD0D23D15F3C0081EACC /* ViewsController.swift */,
				BA4DAD0F23D160730081EACC /* LayoutController.swift */,
			);
			path = Controllers;
			sourceTree = "<group>";
		};
		BA75E3BC23ACCF6A00713177 = {
			isa = PBXGroup;
			children = (
				BA75E3C723ACCF6A00713177 /* UIKitDemo-Swift */,
				BA75E3DE23ACCF6C00713177 /* UIKitDemo-SwiftTests */,
				BA75E3E923ACCF6C00713177 /* UIKitDemo-SwiftUITests */,
				BA75E3C623ACCF6A00713177 /* Products */,
			);
			sourceTree = "<group>";
		};
		BA75E3C623ACCF6A00713177 /* Products */ = {
			isa = PBXGroup;
			children = (
				BA75E3C523ACCF6A00713177 /* UIKitDemo-Swift.app */,
				BA75E3DB23ACCF6C00713177 /* UIKitDemo-SwiftTests.xctest */,
				BA75E3E623ACCF6C00713177 /* UIKitDemo-SwiftUITests.xctest */,
			);
			name = Products;
			sourceTree = "<group>";
		};
		BA75E3C723ACCF6A00713177 /* UIKitDemo-Swift */ = {
			isa = PBXGroup;
			children = (
				EA37545A23DFEA630036F2BD /* Extensions */,
				BA4DAD0A23D082D10081EACC /* Controllers */,
				BA4DAD0923D081EB0081EACC /* Modes */,
				BA75E3F823ACD5E800713177 /* Cells */,
				BA75E3C823ACCF6A00713177 /* AppDelegate.swift */,
				BA75E3CA23ACCF6A00713177 /* SceneDelegate.swift */,
				BA75E3CE23ACCF6A00713177 /* Main.storyboard */,
				BA4DAD1123D1843B0081EACC /* MainController.swift */,
				BA75E3D123ACCF6B00713177 /* Assets.xcassets */,
				BA75E3D323ACCF6B00713177 /* LaunchScreen.storyboard */,
				BA75E3D623ACCF6B00713177 /* Info.plist */,
			);
			path = "UIKitDemo-Swift";
			sourceTree = "<group>";
		};
		BA75E3DE23ACCF6C00713177 /* UIKitDemo-SwiftTests */ = {
			isa = PBXGroup;
			children = (
				BA75E3DF23ACCF6C00713177 /* UIKitDemo_SwiftTests.swift */,
				BA75E3E123ACCF6C00713177 /* Info.plist */,
			);
			path = "UIKitDemo-SwiftTests";
			sourceTree = "<group>";
		};
		BA75E3E923ACCF6C00713177 /* UIKitDemo-SwiftUITests */ = {
			isa = PBXGroup;
			children = (
				BA75E3EA23ACCF6C00713177 /* UIKitDemo_SwiftUITests.swift */,
				BA75E3EC23ACCF6C00713177 /* Info.plist */,
			);
			path = "UIKitDemo-SwiftUITests";
			sourceTree = "<group>";
		};
		BA75E3F823ACD5E800713177 /* Cells */ = {
			isa = PBXGroup;
			children = (
				BA75E3F923ACD60000713177 /* CompCell.swift */,
			);
			path = Cells;
			sourceTree = "<group>";
		};
		EA37545A23DFEA630036F2BD /* Extensions */ = {
			isa = PBXGroup;
			children = (
				EA37545B23DFEAC70036F2BD /* CustomImageView.swift */,
			);
			path = Extensions;
			sourceTree = "<group>";
		};
/* End PBXGroup section */

/* Begin PBXNativeTarget section */
		BA75E3C423ACCF6A00713177 /* UIKitDemo-Swift */ = {
			isa = PBXNativeTarget;
			buildConfigurationList = BA75E3EF23ACCF6C00713177 /* Build configuration list for PBXNativeTarget "UIKitDemo-Swift" */;
			buildPhases = (
				BA75E3C123ACCF6A00713177 /* Sources */,
				BA75E3C223ACCF6A00713177 /* Frameworks */,
				BA75E3C323ACCF6A00713177 /* Resources */,
			);
			buildRules = (
			);
			dependencies = (
			);
			name = "UIKitDemo-Swift";
			productName = "UIKitDemo-Swift";
			productReference = BA75E3C523ACCF6A00713177 /* UIKitDemo-Swift.app */;
			productType = "com.apple.product-type.application";
		};
		BA75E3DA23ACCF6C00713177 /* UIKitDemo-SwiftTests */ = {
			isa = PBXNativeTarget;
			buildConfigurationList = BA75E3F223ACCF6C00713177 /* Build configuration list for PBXNativeTarget "UIKitDemo-SwiftTests" */;
			buildPhases = (
				BA75E3D723ACCF6C00713177 /* Sources */,
				BA75E3D823ACCF6C00713177 /* Frameworks */,
				BA75E3D923ACCF6C00713177 /* Resources */,
			);
			buildRules = (
			);
			dependencies = (
				BA75E3DD23ACCF6C00713177 /* PBXTargetDependency */,
			);
			name = "UIKitDemo-SwiftTests";
			productName = "UIKitDemo-SwiftTests";
			productReference = BA75E3DB23ACCF6C00713177 /* UIKitDemo-SwiftTests.xctest */;
			productType = "com.apple.product-type.bundle.unit-test";
		};
		BA75E3E523ACCF6C00713177 /* UIKitDemo-SwiftUITests */ = {
			isa = PBXNativeTarget;
			buildConfigurationList = BA75E3F523ACCF6C00713177 /* Build configuration list for PBXNativeTarget "UIKitDemo-SwiftUITests" */;
			buildPhases = (
				BA75E3E223ACCF6C00713177 /* Sources */,
				BA75E3E323ACCF6C00713177 /* Frameworks */,
				BA75E3E423ACCF6C00713177 /* Resources */,
			);
			buildRules = (
			);
			dependencies = (
				BA75E3E823ACCF6C00713177 /* PBXTargetDependency */,
			);
			name = "UIKitDemo-SwiftUITests";
			productName = "UIKitDemo-SwiftUITests";
			productReference = BA75E3E623ACCF6C00713177 /* UIKitDemo-SwiftUITests.xctest */;
			productType = "com.apple.product-type.bundle.ui-testing";
		};
/* End PBXNativeTarget section */

/* Begin PBXProject section */
		BA75E3BD23ACCF6A00713177 /* Project object */ = {
			isa = PBXProject;
			attributes = {
				LastSwiftUpdateCheck = 1120;
				LastUpgradeCheck = 1120;
				ORGANIZATIONNAME = topjoy;
				TargetAttributes = {
					BA75E3C423ACCF6A00713177 = {
						CreatedOnToolsVersion = 11.2;
					};
					BA75E3DA23ACCF6C00713177 = {
						CreatedOnToolsVersion = 11.2;
						TestTargetID = BA75E3C423ACCF6A00713177;
					};
					BA75E3E523ACCF6C00713177 = {
						CreatedOnToolsVersion = 11.2;
						TestTargetID = BA75E3C423ACCF6A00713177;
					};
				};
			};
			buildConfigurationList = BA75E3C023ACCF6A00713177 /* Build configuration list for PBXProject "UIKitDemo-Swift" */;
			compatibilityVersion = "Xcode 9.3";
			developmentRegion = en;
			hasScannedForEncodings = 0;
			knownRegions = (
				en,
				Base,
			);
			mainGroup = BA75E3BC23ACCF6A00713177;
			productRefGroup = BA75E3C623ACCF6A00713177 /* Products */;
			projectDirPath = "";
			projectRoot = "";
			targets = (
				BA75E3C423ACCF6A00713177 /* UIKitDemo-Swift */,
				BA75E3DA23ACCF6C00713177 /* UIKitDemo-SwiftTests */,
				BA75E3E523ACCF6C00713177 /* UIKitDemo-SwiftUITests */,
			);
		};
/* End PBXProject section */

/* Begin PBXResourcesBuildPhase section */
		BA75E3C323ACCF6A00713177 /* Resources */ = {
			isa = PBXResourcesBuildPhase;
			buildActionMask = 2147483647;
			files = (
				BA75E3D523ACCF6B00713177 /* LaunchScreen.storyboard in Resources */,
				BA75E3D223ACCF6B00713177 /* Assets.xcassets in Resources */,
				BA75E3D023ACCF6A00713177 /* Main.storyboard in Resources */,
			);
			runOnlyForDeploymentPostprocessing = 0;
		};
		BA75E3D923ACCF6C00713177 /* Resources */ = {
			isa = PBXResourcesBuildPhase;
			buildActionMask = 2147483647;
			files = (
			);
			runOnlyForDeploymentPostprocessing = 0;
		};
		BA75E3E423ACCF6C00713177 /* Resources */ = {
			isa = PBXResourcesBuildPhase;
			buildActionMask = 2147483647;
			files = (
			);
			runOnlyForDeploymentPostprocessing = 0;
		};
/* End PBXResourcesBuildPhase section */

/* Begin PBXSourcesBuildPhase section */
		BA75E3C123ACCF6A00713177 /* Sources */ = {
			isa = PBXSourcesBuildPhase;
			buildActionMask = 2147483647;
			files = (
				BA4DAD1223D1843B0081EACC /* MainController.swift in Sources */,
				EA37545C23DFEAC70036F2BD /* CustomImageView.swift in Sources */,
				BA4DAD0E23D15F3C0081EACC /* ViewsController.swift in Sources */,
				BA75E3FA23ACD60000713177 /* CompCell.swift in Sources */,
				BA75E3C923ACCF6A00713177 /* AppDelegate.swift in Sources */,
				BA4DAD1023D160730081EACC /* LayoutController.swift in Sources */,
				BA75E3CB23ACCF6A00713177 /* SceneDelegate.swift in Sources */,
				BA4DAD0C23D088290081EACC /* Menu.swift in Sources */,
			);
			runOnlyForDeploymentPostprocessing = 0;
		};
		BA75E3D723ACCF6C00713177 /* Sources */ = {
			isa = PBXSourcesBuildPhase;
			buildActionMask = 2147483647;
			files = (
				BA75E3E023ACCF6C00713177 /* UIKitDemo_SwiftTests.swift in Sources */,
			);
			runOnlyForDeploymentPostprocessing = 0;
		};
		BA75E3E223ACCF6C00713177 /* Sources */ = {
			isa = PBXSourcesBuildPhase;
			buildActionMask = 2147483647;
			files = (
				BA75E3EB23ACCF6C00713177 /* UIKitDemo_SwiftUITests.swift in Sources */,
			);
			runOnlyForDeploymentPostprocessing = 0;
		};
/* End PBXSourcesBuildPhase section */

/* Begin PBXTargetDependency section */
		BA75E3DD23ACCF6C00713177 /* PBXTargetDependency */ = {
			isa = PBXTargetDependency;
			target = BA75E3C423ACCF6A00713177 /* UIKitDemo-Swift */;
			targetProxy = BA75E3DC23ACCF6C00713177 /* PBXContainerItemProxy */;
		};
		BA75E3E823ACCF6C00713177 /* PBXTargetDependency */ = {
			isa = PBXTargetDependency;
			target = BA75E3C423ACCF6A00713177 /* UIKitDemo-Swift */;
			targetProxy = BA75E3E723ACCF6C00713177 /* PBXContainerItemProxy */;
		};
/* End PBXTargetDependency section */

/* Begin PBXVariantGroup section */
		BA75E3CE23ACCF6A00713177 /* Main.storyboard */ = {
			isa = PBXVariantGroup;
			children = (
				BA75E3CF23ACCF6A00713177 /* Base */,
			);
			name = Main.storyboard;
			sourceTree = "<group>";
		};
		BA75E3D323ACCF6B00713177 /* LaunchScreen.storyboard */ = {
			isa = PBXVariantGroup;
			children = (
				BA75E3D423ACCF6B00713177 /* Base */,
			);
			name = LaunchScreen.storyboard;
			sourceTree = "<group>";
		};
/* End PBXVariantGroup section */

/* Begin XCBuildConfiguration section */
		BA75E3ED23ACCF6C00713177 /* Debug */ = {
			isa = XCBuildConfiguration;
			buildSettings = {
				ALWAYS_SEARCH_USER_PATHS = NO;
				CLANG_ANALYZER_NONNULL = YES;
				CLANG_ANALYZER_NUMBER_OBJECT_CONVERSION = YES_AGGRESSIVE;
				CLANG_CXX_LANGUAGE_STANDARD = "gnu++14";
				CLANG_CXX_LIBRARY = "libc++";
				CLANG_ENABLE_MODULES = YES;
				CLANG_ENABLE_OBJC_ARC = YES;
				CLANG_ENABLE_OBJC_WEAK = YES;
				CLANG_WARN_BLOCK_CAPTURE_AUTORELEASING = YES;
				CLANG_WARN_BOOL_CONVERSION = YES;
				CLANG_WARN_COMMA = YES;
				CLANG_WARN_CONSTANT_CONVERSION = YES;
				CLANG_WARN_DEPRECATED_OBJC_IMPLEMENTATIONS = YES;
				CLANG_WARN_DIRECT_OBJC_ISA_USAGE = YES_ERROR;
				CLANG_WARN_DOCUMENTATION_COMMENTS = YES;
				CLANG_WARN_EMPTY_BODY = YES;
				CLANG_WARN_ENUM_CONVERSION = YES;
				CLANG_WARN_INFINITE_RECURSION = YES;
				CLANG_WARN_INT_CONVERSION = YES;
				CLANG_WARN_NON_LITERAL_NULL_CONVERSION = YES;
				CLANG_WARN_OBJC_IMPLICIT_RETAIN_SELF = YES;
				CLANG_WARN_OBJC_LITERAL_CONVERSION = YES;
				CLANG_WARN_OBJC_ROOT_CLASS = YES_ERROR;
				CLANG_WARN_RANGE_LOOP_ANALYSIS = YES;
				CLANG_WARN_STRICT_PROTOTYPES = YES;
				CLANG_WARN_SUSPICIOUS_MOVE = YES;
				CLANG_WARN_UNGUARDED_AVAILABILITY = YES_AGGRESSIVE;
				CLANG_WARN_UNREACHABLE_CODE = YES;
				CLANG_WARN__DUPLICATE_METHOD_MATCH = YES;
				COPY_PHASE_STRIP = NO;
				DEBUG_INFORMATION_FORMAT = dwarf;
				ENABLE_STRICT_OBJC_MSGSEND = YES;
				ENABLE_TESTABILITY = YES;
				GCC_C_LANGUAGE_STANDARD = gnu11;
				GCC_DYNAMIC_NO_PIC = NO;
				GCC_NO_COMMON_BLOCKS = YES;
				GCC_OPTIMIZATION_LEVEL = 0;
				GCC_PREPROCESSOR_DEFINITIONS = (
					"DEBUG=1",
					"$(inherited)",
				);
				GCC_WARN_64_TO_32_BIT_CONVERSION = YES;
				GCC_WARN_ABOUT_RETURN_TYPE = YES_ERROR;
				GCC_WARN_UNDECLARED_SELECTOR = YES;
				GCC_WARN_UNINITIALIZED_AUTOS = YES_AGGRESSIVE;
				GCC_WARN_UNUSED_FUNCTION = YES;
				GCC_WARN_UNUSED_VARIABLE = YES;
				IPHONEOS_DEPLOYMENT_TARGET = 13.2;
				MTL_ENABLE_DEBUG_INFO = INCLUDE_SOURCE;
				MTL_FAST_MATH = YES;
				ONLY_ACTIVE_ARCH = YES;
				SDKROOT = iphoneos;
				SWIFT_ACTIVE_COMPILATION_CONDITIONS = DEBUG;
				SWIFT_OPTIMIZATION_LEVEL = "-Onone";
			};
			name = Debug;
		};
		BA75E3EE23ACCF6C00713177 /* Release */ = {
			isa = XCBuildConfiguration;
			buildSettings = {
				ALWAYS_SEARCH_USER_PATHS = NO;
				CLANG_ANALYZER_NONNULL = YES;
				CLANG_ANALYZER_NUMBER_OBJECT_CONVERSION = YES_AGGRESSIVE;
				CLANG_CXX_LANGUAGE_STANDARD = "gnu++14";
				CLANG_CXX_LIBRARY = "libc++";
				CLANG_ENABLE_MODULES = YES;
				CLANG_ENABLE_OBJC_ARC = YES;
				CLANG_ENABLE_OBJC_WEAK = YES;
				CLANG_WARN_BLOCK_CAPTURE_AUTORELEASING = YES;
				CLANG_WARN_BOOL_CONVERSION = YES;
				CLANG_WARN_COMMA = YES;
				CLANG_WARN_CONSTANT_CONVERSION = YES;
				CLANG_WARN_DEPRECATED_OBJC_IMPLEMENTATIONS = YES;
				CLANG_WARN_DIRECT_OBJC_ISA_USAGE = YES_ERROR;
				CLANG_WARN_DOCUMENTATION_COMMENTS = YES;
				CLANG_WARN_EMPTY_BODY = YES;
				CLANG_WARN_ENUM_CONVERSION = YES;
				CLANG_WARN_INFINITE_RECURSION = YES;
				CLANG_WARN_INT_CONVERSION = YES;
				CLANG_WARN_NON_LITERAL_NULL_CONVERSION = YES;
				CLANG_WARN_OBJC_IMPLICIT_RETAIN_SELF = YES;
				CLANG_WARN_OBJC_LITERAL_CONVERSION = YES;
				CLANG_WARN_OBJC_ROOT_CLASS = YES_ERROR;
				CLANG_WARN_RANGE_LOOP_ANALYSIS = YES;
				CLANG_WARN_STRICT_PROTOTYPES = YES;
				CLANG_WARN_SUSPICIOUS_MOVE = YES;
				CLANG_WARN_UNGUARDED_AVAILABILITY = YES_AGGRESSIVE;
				CLANG_WARN_UNREACHABLE_CODE = YES;
				CLANG_WARN__DUPLICATE_METHOD_MATCH = YES;
				COPY_PHASE_STRIP = NO;
				DEBUG_INFORMATION_FORMAT = "dwarf-with-dsym";
				ENABLE_NS_ASSERTIONS = NO;
				ENABLE_STRICT_OBJC_MSGSEND = YES;
				GCC_C_LANGUAGE_STANDARD = gnu11;
				GCC_NO_COMMON_BLOCKS = YES;
				GCC_WARN_64_TO_32_BIT_CONVERSION = YES;
				GCC_WARN_ABOUT_RETURN_TYPE = YES_ERROR;
				GCC_WARN_UNDECLARED_SELECTOR = YES;
				GCC_WARN_UNINITIALIZED_AUTOS = YES_AGGRESSIVE;
				GCC_WARN_UNUSED_FUNCTION = YES;
				GCC_WARN_UNUSED_VARIABLE = YES;
				IPHONEOS_DEPLOYMENT_TARGET = 13.2;
				MTL_ENABLE_DEBUG_INFO = NO;
				MTL_FAST_MATH = YES;
				SDKROOT = iphoneos;
				SWIFT_COMPILATION_MODE = wholemodule;
				SWIFT_OPTIMIZATION_LEVEL = "-O";
				VALIDATE_PRODUCT = YES;
			};
			name = Release;
		};
		BA75E3F023ACCF6C00713177 /* Debug */ = {
			isa = XCBuildConfiguration;
			buildSettings = {
				ASSETCATALOG_COMPILER_APPICON_NAME = AppIcon;
				CODE_SIGN_STYLE = Automatic;
				DEVELOPMENT_TEAM = D97BJH9NFN;
				INFOPLIST_FILE = "UIKitDemo-Swift/Info.plist";
				LD_RUNPATH_SEARCH_PATHS = (
					"$(inherited)",
					"@executable_path/Frameworks",
				);
				PRODUCT_BUNDLE_IDENTIFIER = "com.charlygame.UIKitDemo-Swift";
				PRODUCT_NAME = "$(TARGET_NAME)";
				SWIFT_VERSION = 5.0;
				TARGETED_DEVICE_FAMILY = "1,2";
			};
			name = Debug;
		};
		BA75E3F123ACCF6C00713177 /* Release */ = {
			isa = XCBuildConfiguration;
			buildSettings = {
				ASSETCATALOG_COMPILER_APPICON_NAME = AppIcon;
				CODE_SIGN_STYLE = Automatic;
				DEVELOPMENT_TEAM = D97BJH9NFN;
				INFOPLIST_FILE = "UIKitDemo-Swift/Info.plist";
				LD_RUNPATH_SEARCH_PATHS = (
					"$(inherited)",
					"@executable_path/Frameworks",
				);
				PRODUCT_BUNDLE_IDENTIFIER = "com.charlygame.UIKitDemo-Swift";
				PRODUCT_NAME = "$(TARGET_NAME)";
				SWIFT_VERSION = 5.0;
				TARGETED_DEVICE_FAMILY = "1,2";
			};
			name = Release;
		};
		BA75E3F323ACCF6C00713177 /* Debug */ = {
			isa = XCBuildConfiguration;
			buildSettings = {
				ALWAYS_EMBED_SWIFT_STANDARD_LIBRARIES = YES;
				BUNDLE_LOADER = "$(TEST_HOST)";
				CODE_SIGN_STYLE = Automatic;
				DEVELOPMENT_TEAM = D97BJH9NFN;
				INFOPLIST_FILE = "UIKitDemo-SwiftTests/Info.plist";
				IPHONEOS_DEPLOYMENT_TARGET = 13.2;
				LD_RUNPATH_SEARCH_PATHS = (
					"$(inherited)",
					"@executable_path/Frameworks",
					"@loader_path/Frameworks",
				);
				PRODUCT_BUNDLE_IDENTIFIER = "com.charlygame.UIKitDemo-SwiftTests";
				PRODUCT_NAME = "$(TARGET_NAME)";
				SWIFT_VERSION = 5.0;
				TARGETED_DEVICE_FAMILY = "1,2";
				TEST_HOST = "$(BUILT_PRODUCTS_DIR)/UIKitDemo-Swift.app/UIKitDemo-Swift";
			};
			name = Debug;
		};
		BA75E3F423ACCF6C00713177 /* Release */ = {
			isa = XCBuildConfiguration;
			buildSettings = {
				ALWAYS_EMBED_SWIFT_STANDARD_LIBRARIES = YES;
				BUNDLE_LOADER = "$(TEST_HOST)";
				CODE_SIGN_STYLE = Automatic;
				DEVELOPMENT_TEAM = D97BJH9NFN;
				INFOPLIST_FILE = "UIKitDemo-SwiftTests/Info.plist";
				IPHONEOS_DEPLOYMENT_TARGET = 13.2;
				LD_RUNPATH_SEARCH_PATHS = (
					"$(inherited)",
					"@executable_path/Frameworks",
					"@loader_path/Frameworks",
				);
				PRODUCT_BUNDLE_IDENTIFIER = "com.charlygame.UIKitDemo-SwiftTests";
				PRODUCT_NAME = "$(TARGET_NAME)";
				SWIFT_VERSION = 5.0;
				TARGETED_DEVICE_FAMILY = "1,2";
				TEST_HOST = "$(BUILT_PRODUCTS_DIR)/UIKitDemo-Swift.app/UIKitDemo-Swift";
			};
			name = Release;
		};
		BA75E3F623ACCF6C00713177 /* Debug */ = {
			isa = XCBuildConfiguration;
			buildSettings = {
				ALWAYS_EMBED_SWIFT_STANDARD_LIBRARIES = YES;
				CODE_SIGN_STYLE = Automatic;
				DEVELOPMENT_TEAM = D97BJH9NFN;
				INFOPLIST_FILE = "UIKitDemo-SwiftUITests/Info.plist";
				LD_RUNPATH_SEARCH_PATHS = (
					"$(inherited)",
					"@executable_path/Frameworks",
					"@loader_path/Frameworks",
				);
				PRODUCT_BUNDLE_IDENTIFIER = "com.charlygame.UIKitDemo-SwiftUITests";
				PRODUCT_NAME = "$(TARGET_NAME)";
				SWIFT_VERSION = 5.0;
				TARGETED_DEVICE_FAMILY = "1,2";
				TEST_TARGET_NAME = "UIKitDemo-Swift";
			};
			name = Debug;
		};
		BA75E3F723ACCF6C00713177 /* Release */ = {
			isa = XCBuildConfiguration;
			buildSettings = {
				ALWAYS_EMBED_SWIFT_STANDARD_LIBRARIES = YES;
				CODE_SIGN_STYLE = Automatic;
				DEVELOPMENT_TEAM = D97BJH9NFN;
				INFOPLIST_FILE = "UIKitDemo-SwiftUITests/Info.plist";
				LD_RUNPATH_SEARCH_PATHS = (
					"$(inherited)",
					"@executable_path/Frameworks",
					"@loader_path/Frameworks",
				);
				PRODUCT_BUNDLE_IDENTIFIER = "com.charlygame.UIKitDemo-SwiftUITests";
				PRODUCT_NAME = "$(TARGET_NAME)";
				SWIFT_VERSION = 5.0;
				TARGETED_DEVICE_FAMILY = "1,2";
				TEST_TARGET_NAME = "UIKitDemo-Swift";
			};
			name = Release;
		};
/* End XCBuildConfiguration section */

/* Begin XCConfigurationList section */
		BA75E3C023ACCF6A00713177 /* Build configuration list for PBXProject "UIKitDemo-Swift" */ = {
			isa = XCConfigurationList;
			buildConfigurations = (
				BA75E3ED23ACCF6C00713177 /* Debug */,
				BA75E3EE23ACCF6C00713177 /* Release */,
			);
			defaultConfigurationIsVisible = 0;
			defaultConfigurationName = Release;
		};
		BA75E3EF23ACCF6C00713177 /* Build configuration list for PBXNativeTarget "UIKitDemo-Swift" */ = {
			isa = XCConfigurationList;
			buildConfigurations = (
				BA75E3F023ACCF6C00713177 /* Debug */,
				BA75E3F123ACCF6C00713177 /* Release */,
			);
			defaultConfigurationIsVisible = 0;
			defaultConfigurationName = Release;
		};
		BA75E3F223ACCF6C00713177 /* Build configuration list for PBXNativeTarget "UIKitDemo-SwiftTests" */ = {
			isa = XCConfigurationList;
			buildConfigurations = (
				BA75E3F323ACCF6C00713177 /* Debug */,
				BA75E3F423ACCF6C00713177 /* Release */,
			);
			defaultConfigurationIsVisible = 0;
			defaultConfigurationName = Release;
		};
		BA75E3F523ACCF6C00713177 /* Build configuration list for PBXNativeTarget "UIKitDemo-SwiftUITests" */ = {
			isa = XCConfigurationList;
			buildConfigurations = (
				BA75E3F623ACCF6C00713177 /* Debug */,
				BA75E3F723ACCF6C00713177 /* Release */,
			);
			defaultConfigurationIsVisible = 0;
			defaultConfigurationName = Release;
		};
/* End XCConfigurationList section */
	};
	rootObject = BA75E3BD23ACCF6A00713177 /* Project object */;
}
